
Microsoft Visual Studio Solution File, Format Version 12.00
# Visual Studio Version 17
VisualStudioVersion = 17.10.35013.160
MinimumVisualStudioVersion = 10.0.40219.1
Project("{2150E333-8FDC-42A3-9474-1A3956D46DE8}") = "Core", "Core", "{7B59F61A-859B-4037-8D39-34F013B078A4}"
EndProject
Project("{FAE04EC0-301F-11D3-BF4B-00C04F79EFBC}") = "Domain", "Domain\Domain.csproj", "{BFD73F96-7D92-4472-9B01-4A3BA8B1A49D}"
EndProject
Project("{FAE04EC0-301F-11D3-BF4B-00C04F79EFBC}") = "Application", "Application\Application.csproj", "{E6EEA65E-41C8-4509-B603-D786E541689E}"
EndProject
Project("{2150E333-8FDC-42A3-9474-1A3956D46DE8}") = "Infrastructure", "Infrastructure", "{B4BDF5B8-2D61-4B28-BEA0-365829B0EE7D}"
EndProject
Project("{FAE04EC0-301F-11D3-BF4B-00C04F79EFBC}") = "Infrastructure", "Infrastructure\Infrastructure.csproj", "{B8AF6888-55BE-43D1-9E67-090C3AFB3CF2}"
EndProject
Project("{2150E333-8FDC-42A3-9474-1A3956D46DE8}") = "Presentation", "Presentation", "{10C89ABE-F6DC-4711-A8E9-CD91600FF934}"
EndProject
Project("{FAE04EC0-301F-11D3-BF4B-00C04F79EFBC}") = "LogiDispatchAPI", "LogiDispatchAPI\LogiDispatchAPI.csproj", "{047DEC90-8E48-4807-8140-C9E733CDF28C}"
EndProject
Project("{2150E333-8FDC-42A3-9474-1A3956D46DE8}") = "test", "test", "{DA6502EE-EF83-4F20-9878-528CF6AA29E8}"
EndProject
Project("{2150E333-8FDC-42A3-9474-1A3956D46DE8}") = "Core", "Core", "{FD77C058-7729-46C7-8F78-1385E8BE00FD}"
EndProject
Project("{FAE04EC0-301F-11D3-BF4B-00C04F79EFBC}") = "Domain.Tests", "Domain.Tests\Domain.Tests.csproj", "{C1A9331F-8349-48F0-A326-CF2CC7773C68}"
EndProject
Project("{FAE04EC0-301F-11D3-BF4B-00C04F79EFBC}") = "Application.Tests", "Application.Tests\Application.Tests.csproj", "{51518E16-A69F-492F-8AB3-6E8F54871EEF}"
EndProject
Project("{2150E333-8FDC-42A3-9474-1A3956D46DE8}") = "Infrastructure", "Infrastructure", "{E773143F-B131-4B59-97FF-2E9C0A9568C0}"
EndProject
Project("{FAE04EC0-301F-11D3-BF4B-00C04F79EFBC}") = "Infrastructure.Tests", "Infrastructure.Tests\Infrastructure.Tests.csproj", "{EA0DEE85-C5F3-4042-A55D-542C941833E4}"
EndProject
Project("{2150E333-8FDC-42A3-9474-1A3956D46DE8}") = "Presentation", "Presentation", "{58B7D795-F9A8-4A37-B709-2F67EBCCC72A}"
EndProject
Project("{FAE04EC0-301F-11D3-BF4B-00C04F79EFBC}") = "API.Tests", "API.Tests\API.Tests.csproj", "{D8A26BDC-D426-4140-B5BF-3724AC944C9D}"
EndProject
Global
	GlobalSection(SolutionConfigurationPlatforms) = preSolution
		Debug|Any CPU = Debug|Any CPU
		Release|Any CPU = Release|Any CPU
	EndGlobalSection
	GlobalSection(ProjectConfigurationPlatforms) = postSolution
		{BFD73F96-7D92-4472-9B01-4A3BA8B1A49D}.Debug|Any CPU.ActiveCfg = Debug|Any CPU
		{BFD73F96-7D92-4472-9B01-4A3BA8B1A49D}.Debug|Any CPU.Build.0 = Debug|Any CPU
		{BFD73F96-7D92-4472-9B01-4A3BA8B1A49D}.Release|Any CPU.ActiveCfg = Release|Any CPU
		{BFD73F96-7D92-4472-9B01-4A3BA8B1A49D}.Release|Any CPU.Build.0 = Release|Any CPU
		{E6EEA65E-41C8-4509-B603-D786E541689E}.Debug|Any CPU.ActiveCfg = Debug|Any CPU
		{E6EEA65E-41C8-4509-B603-D786E541689E}.Debug|Any CPU.Build.0 = Debug|Any CPU
		{E6EEA65E-41C8-4509-B603-D786E541689E}.Release|Any CPU.ActiveCfg = Release|Any CPU
		{E6EEA65E-41C8-4509-B603-D786E541689E}.Release|Any CPU.Build.0 = Release|Any CPU
		{B8AF6888-55BE-43D1-9E67-090C3AFB3CF2}.Debug|Any CPU.ActiveCfg = Debug|Any CPU
		{B8AF6888-55BE-43D1-9E67-090C3AFB3CF2}.Debug|Any CPU.Build.0 = Debug|Any CPU
		{B8AF6888-55BE-43D1-9E67-090C3AFB3CF2}.Release|Any CPU.ActiveCfg = Release|Any CPU
		{B8AF6888-55BE-43D1-9E67-090C3AFB3CF2}.Release|Any CPU.Build.0 = Release|Any CPU
		{047DEC90-8E48-4807-8140-C9E733CDF28C}.Debug|Any CPU.ActiveCfg = Debug|Any CPU
		{047DEC90-8E48-4807-8140-C9E733CDF28C}.Debug|Any CPU.Build.0 = Debug|Any CPU
		{047DEC90-8E48-4807-8140-C9E733CDF28C}.Release|Any CPU.ActiveCfg = Release|Any CPU
		{047DEC90-8E48-4807-8140-C9E733CDF28C}.Release|Any CPU.Build.0 = Release|Any CPU
		{C1A9331F-8349-48F0-A326-CF2CC7773C68}.Debug|Any CPU.ActiveCfg = Debug|Any CPU
		{C1A9331F-8349-48F0-A326-CF2CC7773C68}.Debug|Any CPU.Build.0 = Debug|Any CPU
		{C1A9331F-8349-48F0-A326-CF2CC7773C68}.Release|Any CPU.ActiveCfg = Release|Any CPU
		{C1A9331F-8349-48F0-A326-CF2CC7773C68}.Release|Any CPU.Build.0 = Release|Any CPU
		{51518E16-A69F-492F-8AB3-6E8F54871EEF}.Debug|Any CPU.ActiveCfg = Debug|Any CPU
		{51518E16-A69F-492F-8AB3-6E8F54871EEF}.Debug|Any CPU.Build.0 = Debug|Any CPU
		{51518E16-A69F-492F-8AB3-6E8F54871EEF}.Release|Any CPU.ActiveCfg = Release|Any CPU
		{51518E16-A69F-492F-8AB3-6E8F54871EEF}.Release|Any CPU.Build.0 = Release|Any CPU
		{EA0DEE85-C5F3-4042-A55D-542C941833E4}.Debug|Any CPU.ActiveCfg = Debug|Any CPU
		{EA0DEE85-C5F3-4042-A55D-542C941833E4}.Debug|Any CPU.Build.0 = Debug|Any CPU
		{EA0DEE85-C5F3-4042-A55D-542C941833E4}.Release|Any CPU.ActiveCfg = Release|Any CPU
		{EA0DEE85-C5F3-4042-A55D-542C941833E4}.Release|Any CPU.Build.0 = Release|Any CPU
		{D8A26BDC-D426-4140-B5BF-3724AC944C9D}.Debug|Any CPU.ActiveCfg = Debug|Any CPU
		{D8A26BDC-D426-4140-B5BF-3724AC944C9D}.Debug|Any CPU.Build.0 = Debug|Any CPU
		{D8A26BDC-D426-4140-B5BF-3724AC944C9D}.Release|Any CPU.ActiveCfg = Release|Any CPU
		{D8A26BDC-D426-4140-B5BF-3724AC944C9D}.Release|Any CPU.Build.0 = Release|Any CPU
	EndGlobalSection
	GlobalSection(SolutionProperties) = preSolution
		HideSolutionNode = FALSE
	EndGlobalSection
	GlobalSection(NestedProjects) = preSolution
		{BFD73F96-7D92-4472-9B01-4A3BA8B1A49D} = {7B59F61A-859B-4037-8D39-34F013B078A4}
		{E6EEA65E-41C8-4509-B603-D786E541689E} = {7B59F61A-859B-4037-8D39-34F013B078A4}
		{B8AF6888-55BE-43D1-9E67-090C3AFB3CF2} = {B4BDF5B8-2D61-4B28-BEA0-365829B0EE7D}
		{047DEC90-8E48-4807-8140-C9E733CDF28C} = {10C89ABE-F6DC-4711-A8E9-CD91600FF934}
		{FD77C058-7729-46C7-8F78-1385E8BE00FD} = {DA6502EE-EF83-4F20-9878-528CF6AA29E8}
		{C1A9331F-8349-48F0-A326-CF2CC7773C68} = {FD77C058-7729-46C7-8F78-1385E8BE00FD}
		{51518E16-A69F-492F-8AB3-6E8F54871EEF} = {FD77C058-7729-46C7-8F78-1385E8BE00FD}
		{E773143F-B131-4B59-97FF-2E9C0A9568C0} = {DA6502EE-EF83-4F20-9878-528CF6AA29E8}
		{EA0DEE85-C5F3-4042-A55D-542C941833E4} = {E773143F-B131-4B59-97FF-2E9C0A9568C0}
		{58B7D795-F9A8-4A37-B709-2F67EBCCC72A} = {DA6502EE-EF83-4F20-9878-528CF6AA29E8}
		{D8A26BDC-D426-4140-B5BF-3724AC944C9D} = {58B7D795-F9A8-4A37-B709-2F67EBCCC72A}
	EndGlobalSection
	GlobalSection(ExtensibilityGlobals) = postSolution
		SolutionGuid = {6EF2C655-E292-4E18-AC88-C955EDF069D4}
	EndGlobalSection
EndGlobal
